
Microsoft Visual Studio Solution File, Format Version 12.00
# Visual Studio Version 16
VisualStudioVersion = 16.0.30804.86
MinimumVisualStudioVersion = 10.0.40219.1
Project("{9A19103F-16F7-4668-BE54-9A1E7A4F7556}") = "DataAccess", "DataAccess\DataAccess.csproj", "{8DFA6893-6AD5-4280-8185-70A1728FF4F5}"
EndProject
Project("{9A19103F-16F7-4668-BE54-9A1E7A4F7556}") = "Entities", "Entities\Entities.csproj", "{70E24FA8-4FE3-4013-9A1A-B13729EC4537}"
EndProject
Project("{9A19103F-16F7-4668-BE54-9A1E7A4F7556}") = "Business", "Business\Business.csproj", "{E65024C1-A106-4697-97CC-6652E3970223}"
EndProject
Project("{9A19103F-16F7-4668-BE54-9A1E7A4F7556}") = "ConsoleUI", "ConsoleUI\ConsoleUI.csproj", "{5A320265-227A-4AD6-86BD-714EEB806FB3}"
EndProject
Project("{9A19103F-16F7-4668-BE54-9A1E7A4F7556}") = "Core", "..\MyFinalProjet\Core\Core.csproj", "{D87B9292-DE43-46E2-901F-A62D00944A5B}"
EndProject
Global
	GlobalSection(SolutionConfigurationPlatforms) = preSolution
		Debug|Any CPU = Debug|Any CPU
		Release|Any CPU = Release|Any CPU
	EndGlobalSection
	GlobalSection(ProjectConfigurationPlatforms) = postSolution
		{8DFA6893-6AD5-4280-8185-70A1728FF4F5}.Debug|Any CPU.ActiveCfg = Debug|Any CPU
		{8DFA6893-6AD5-4280-8185-70A1728FF4F5}.Debug|Any CPU.Build.0 = Debug|Any CPU
		{8DFA6893-6AD5-4280-8185-70A1728FF4F5}.Release|Any CPU.ActiveCfg = Release|Any CPU
		{8DFA6893-6AD5-4280-8185-70A1728FF4F5}.Release|Any CPU.Build.0 = Release|Any CPU
		{70E24FA8-4FE3-4013-9A1A-B13729EC4537}.Debug|Any CPU.ActiveCfg = Debug|Any CPU
		{70E24FA8-4FE3-4013-9A1A-B13729EC4537}.Debug|Any CPU.Build.0 = Debug|Any CPU
		{70E24FA8-4FE3-4013-9A1A-B13729EC4537}.Release|Any CPU.ActiveCfg = Release|Any CPU
		{70E24FA8-4FE3-4013-9A1A-B13729EC4537}.Release|Any CPU.Build.0 = Release|Any CPU
		{E65024C1-A106-4697-97CC-6652E3970223}.Debug|Any CPU.ActiveCfg = Debug|Any CPU
		{E65024C1-A106-4697-97CC-6652E3970223}.Debug|Any CPU.Build.0 = Debug|Any CPU
		{E65024C1-A106-4697-97CC-6652E3970223}.Release|Any CPU.ActiveCfg = Release|Any CPU
		{E65024C1-A106-4697-97CC-6652E3970223}.Release|Any CPU.Build.0 = Release|Any CPU
		{5A320265-227A-4AD6-86BD-714EEB806FB3}.Debug|Any CPU.ActiveCfg = Debug|Any CPU
		{5A320265-227A-4AD6-86BD-714EEB806FB3}.Debug|Any CPU.Build.0 = Debug|Any CPU
		{5A320265-227A-4AD6-86BD-714EEB806FB3}.Release|Any CPU.ActiveCfg = Release|Any CPU
		{5A320265-227A-4AD6-86BD-714EEB806FB3}.Release|Any CPU.Build.0 = Release|Any CPU
		{D87B9292-DE43-46E2-901F-A62D00944A5B}.Debug|Any CPU.ActiveCfg = Debug|Any CPU
		{D87B9292-DE43-46E2-901F-A62D00944A5B}.Debug|Any CPU.Build.0 = Debug|Any CPU
		{D87B9292-DE43-46E2-901F-A62D00944A5B}.Release|Any CPU.ActiveCfg = Release|Any CPU
		{D87B9292-DE43-46E2-901F-A62D00944A5B}.Release|Any CPU.Build.0 = Release|Any CPU
	EndGlobalSection
	GlobalSection(SolutionProperties) = preSolution
		HideSolutionNode = FALSE
	EndGlobalSection
	GlobalSection(ExtensibilityGlobals) = postSolution
		SolutionGuid = {315F51AA-ADD3-4711-87EE-8A94B81747BE}
	EndGlobalSection
EndGlobal
